
Microsoft Visual Studio Solution File, Format Version 12.00
Project("{FAE04EC0-301F-11D3-BF4B-00C04F79EFBC}") = "AptosSDK", "AptosSDK\AptosSDK.csproj", "{605A0937-E790-4335-BC67-A4350FF87A8D}"
EndProject
Project("{FAE04EC0-301F-11D3-BF4B-00C04F79EFBC}") = "AptosSDKTest", "AptosSDKTest\AptosSDKTest.csproj", "{09469E09-090C-4845-9111-05D953C8906C}"
EndProject
Global
	GlobalSection(SolutionConfigurationPlatforms) = preSolution
		Debug|Any CPU = Debug|Any CPU
		Release|Any CPU = Release|Any CPU
	EndGlobalSection
	GlobalSection(ProjectConfigurationPlatforms) = postSolution
		{605A0937-E790-4335-BC67-A4350FF87A8D}.Debug|Any CPU.ActiveCfg = Debug|Any CPU
		{605A0937-E790-4335-BC67-A4350FF87A8D}.Debug|Any CPU.Build.0 = Debug|Any CPU
		{605A0937-E790-4335-BC67-A4350FF87A8D}.Release|Any CPU.ActiveCfg = Release|Any CPU
		{605A0937-E790-4335-BC67-A4350FF87A8D}.Release|Any CPU.Build.0 = Release|Any CPU
		{09469E09-090C-4845-9111-05D953C8906C}.Debug|Any CPU.ActiveCfg = Debug|Any CPU
		{09469E09-090C-4845-9111-05D953C8906C}.Debug|Any CPU.Build.0 = Debug|Any CPU
		{09469E09-090C-4845-9111-05D953C8906C}.Release|Any CPU.ActiveCfg = Release|Any CPU
		{09469E09-090C-4845-9111-05D953C8906C}.Release|Any CPU.Build.0 = Release|Any CPU
	EndGlobalSection
EndGlobal
